
Microsoft Visual Studio Solution File, Format Version 12.00
# Visual Studio Version 17
VisualStudioVersion = 17.0.31903.59
MinimumVisualStudioVersion = 10.0.40219.1
Project("{2150E333-8FDC-42A3-9474-1A3956D46DE8}") = "UCP.CleanArchitecture", "UCP.CleanArchitecture", "{6E43D1D6-2C28-118A-C4EE-24B608DF7101}"
EndProject
Project("{2150E333-8FDC-42A3-9474-1A3956D46DE8}") = "src", "src", "{591EB8CF-9DF4-2E2F-63DC-0C4848EFC88C}"
EndProject
Project("{FAE04EC0-301F-11D3-BF4B-00C04F79EFBC}") = "Domain", "UCP.CleanArchitecture\src\Domain\Domain.csproj", "{32CAF440-330A-4E5C-9D02-1426991FA645}"
EndProject
Project("{FAE04EC0-301F-11D3-BF4B-00C04F79EFBC}") = "Application", "UCP.CleanArchitecture\src\Application\Application.csproj", "{1C6D160F-237A-442A-8FBB-308DF16B4F1B}"
EndProject
Project("{FAE04EC0-301F-11D3-BF4B-00C04F79EFBC}") = "Infrastructure", "UCP.CleanArchitecture\src\Infrastructure\Infrastructure.csproj", "{3B02C4C4-4A0F-455F-AE52-CE2D99B64D2D}"
EndProject
Project("{FAE04EC0-301F-11D3-BF4B-00C04F79EFBC}") = "API", "UCP.CleanArchitecture\src\API\API.csproj", "{67D54D86-8A11-447A-9AD9-0BC09624C22A}"
EndProject
Global
	GlobalSection(SolutionConfigurationPlatforms) = preSolution
		Debug|Any CPU = Debug|Any CPU
		Debug|x64 = Debug|x64
		Debug|x86 = Debug|x86
		Release|Any CPU = Release|Any CPU
		Release|x64 = Release|x64
		Release|x86 = Release|x86
	EndGlobalSection
	GlobalSection(ProjectConfigurationPlatforms) = postSolution
		{32CAF440-330A-4E5C-9D02-1426991FA645}.Debug|Any CPU.ActiveCfg = Debug|Any CPU
		{32CAF440-330A-4E5C-9D02-1426991FA645}.Debug|Any CPU.Build.0 = Debug|Any CPU
		{32CAF440-330A-4E5C-9D02-1426991FA645}.Debug|x64.ActiveCfg = Debug|Any CPU
		{32CAF440-330A-4E5C-9D02-1426991FA645}.Debug|x64.Build.0 = Debug|Any CPU
		{32CAF440-330A-4E5C-9D02-1426991FA645}.Debug|x86.ActiveCfg = Debug|Any CPU
		{32CAF440-330A-4E5C-9D02-1426991FA645}.Debug|x86.Build.0 = Debug|Any CPU
		{32CAF440-330A-4E5C-9D02-1426991FA645}.Release|Any CPU.ActiveCfg = Release|Any CPU
		{32CAF440-330A-4E5C-9D02-1426991FA645}.Release|Any CPU.Build.0 = Release|Any CPU
		{32CAF440-330A-4E5C-9D02-1426991FA645}.Release|x64.ActiveCfg = Release|Any CPU
		{32CAF440-330A-4E5C-9D02-1426991FA645}.Release|x64.Build.0 = Release|Any CPU
		{32CAF440-330A-4E5C-9D02-1426991FA645}.Release|x86.ActiveCfg = Release|Any CPU
		{32CAF440-330A-4E5C-9D02-1426991FA645}.Release|x86.Build.0 = Release|Any CPU
		{1C6D160F-237A-442A-8FBB-308DF16B4F1B}.Debug|Any CPU.ActiveCfg = Debug|Any CPU
		{1C6D160F-237A-442A-8FBB-308DF16B4F1B}.Debug|Any CPU.Build.0 = Debug|Any CPU
		{1C6D160F-237A-442A-8FBB-308DF16B4F1B}.Debug|x64.ActiveCfg = Debug|Any CPU
		{1C6D160F-237A-442A-8FBB-308DF16B4F1B}.Debug|x64.Build.0 = Debug|Any CPU
		{1C6D160F-237A-442A-8FBB-308DF16B4F1B}.Debug|x86.ActiveCfg = Debug|Any CPU
		{1C6D160F-237A-442A-8FBB-308DF16B4F1B}.Debug|x86.Build.0 = Debug|Any CPU
		{1C6D160F-237A-442A-8FBB-308DF16B4F1B}.Release|Any CPU.ActiveCfg = Release|Any CPU
		{1C6D160F-237A-442A-8FBB-308DF16B4F1B}.Release|Any CPU.Build.0 = Release|Any CPU
		{1C6D160F-237A-442A-8FBB-308DF16B4F1B}.Release|x64.ActiveCfg = Release|Any CPU
		{1C6D160F-237A-442A-8FBB-308DF16B4F1B}.Release|x64.Build.0 = Release|Any CPU
		{1C6D160F-237A-442A-8FBB-308DF16B4F1B}.Release|x86.ActiveCfg = Release|Any CPU
		{1C6D160F-237A-442A-8FBB-308DF16B4F1B}.Release|x86.Build.0 = Release|Any CPU
		{3B02C4C4-4A0F-455F-AE52-CE2D99B64D2D}.Debug|Any CPU.ActiveCfg = Debug|Any CPU
		{3B02C4C4-4A0F-455F-AE52-CE2D99B64D2D}.Debug|Any CPU.Build.0 = Debug|Any CPU
		{3B02C4C4-4A0F-455F-AE52-CE2D99B64D2D}.Debug|x64.ActiveCfg = Debug|Any CPU
		{3B02C4C4-4A0F-455F-AE52-CE2D99B64D2D}.Debug|x64.Build.0 = Debug|Any CPU
		{3B02C4C4-4A0F-455F-AE52-CE2D99B64D2D}.Debug|x86.ActiveCfg = Debug|Any CPU
		{3B02C4C4-4A0F-455F-AE52-CE2D99B64D2D}.Debug|x86.Build.0 = Debug|Any CPU
		{3B02C4C4-4A0F-455F-AE52-CE2D99B64D2D}.Release|Any CPU.ActiveCfg = Release|Any CPU
		{3B02C4C4-4A0F-455F-AE52-CE2D99B64D2D}.Release|Any CPU.Build.0 = Release|Any CPU
		{3B02C4C4-4A0F-455F-AE52-CE2D99B64D2D}.Release|x64.ActiveCfg = Release|Any CPU
		{3B02C4C4-4A0F-455F-AE52-CE2D99B64D2D}.Release|x64.Build.0 = Release|Any CPU
		{3B02C4C4-4A0F-455F-AE52-CE2D99B64D2D}.Release|x86.ActiveCfg = Release|Any CPU
		{3B02C4C4-4A0F-455F-AE52-CE2D99B64D2D}.Release|x86.Build.0 = Release|Any CPU
		{67D54D86-8A11-447A-9AD9-0BC09624C22A}.Debug|Any CPU.ActiveCfg = Debug|Any CPU
		{67D54D86-8A11-447A-9AD9-0BC09624C22A}.Debug|Any CPU.Build.0 = Debug|Any CPU
		{67D54D86-8A11-447A-9AD9-0BC09624C22A}.Debug|x64.ActiveCfg = Debug|Any CPU
		{67D54D86-8A11-447A-9AD9-0BC09624C22A}.Debug|x64.Build.0 = Debug|Any CPU
		{67D54D86-8A11-447A-9AD9-0BC09624C22A}.Debug|x86.ActiveCfg = Debug|Any CPU
		{67D54D86-8A11-447A-9AD9-0BC09624C22A}.Debug|x86.Build.0 = Debug|Any CPU
		{67D54D86-8A11-447A-9AD9-0BC09624C22A}.Release|Any CPU.ActiveCfg = Release|Any CPU
		{67D54D86-8A11-447A-9AD9-0BC09624C22A}.Release|Any CPU.Build.0 = Release|Any CPU
		{67D54D86-8A11-447A-9AD9-0BC09624C22A}.Release|x64.ActiveCfg = Release|Any CPU
		{67D54D86-8A11-447A-9AD9-0BC09624C22A}.Release|x64.Build.0 = Release|Any CPU
		{67D54D86-8A11-447A-9AD9-0BC09624C22A}.Release|x86.ActiveCfg = Release|Any CPU
		{67D54D86-8A11-447A-9AD9-0BC09624C22A}.Release|x86.Build.0 = Release|Any CPU
	EndGlobalSection
	GlobalSection(SolutionProperties) = preSolution
		HideSolutionNode = FALSE
	EndGlobalSection
	GlobalSection(NestedProjects) = preSolution
		{591EB8CF-9DF4-2E2F-63DC-0C4848EFC88C} = {6E43D1D6-2C28-118A-C4EE-24B608DF7101}
		{32CAF440-330A-4E5C-9D02-1426991FA645} = {591EB8CF-9DF4-2E2F-63DC-0C4848EFC88C}
		{1C6D160F-237A-442A-8FBB-308DF16B4F1B} = {591EB8CF-9DF4-2E2F-63DC-0C4848EFC88C}
		{3B02C4C4-4A0F-455F-AE52-CE2D99B64D2D} = {591EB8CF-9DF4-2E2F-63DC-0C4848EFC88C}
		{67D54D86-8A11-447A-9AD9-0BC09624C22A} = {591EB8CF-9DF4-2E2F-63DC-0C4848EFC88C}
	EndGlobalSection
EndGlobal
